
Microsoft Visual Studio Solution File, Format Version 12.00
# Visual Studio Version 16
VisualStudioVersion = 16.0.32228.343
MinimumVisualStudioVersion = 10.0.40219.1
Project("{9A19103F-16F7-4668-BE54-9A1E7A4F7556}") = "ConsoleApp1", "ConsoleApp1\ConsoleApp1.csproj", "{4FF1CDDA-B32F-4818-ABF1-1BAE0397576B}"
EndProject
Project("{FAE04EC0-301F-11D3-BF4B-00C04F79EFBC}") = "WpfApp1", "WpfApp1\WpfApp1.csproj", "{80118819-D256-4B06-B84B-83D473F15998}"
EndProject
Global
	GlobalSection(SolutionConfigurationPlatforms) = preSolution
		Debug|Any CPU = Debug|Any CPU
		Release|Any CPU = Release|Any CPU
	EndGlobalSection
	GlobalSection(ProjectConfigurationPlatforms) = postSolution
		{4FF1CDDA-B32F-4818-ABF1-1BAE0397576B}.Debug|Any CPU.ActiveCfg = Debug|Any CPU
		{4FF1CDDA-B32F-4818-ABF1-1BAE0397576B}.Debug|Any CPU.Build.0 = Debug|Any CPU
		{4FF1CDDA-B32F-4818-ABF1-1BAE0397576B}.Release|Any CPU.ActiveCfg = Release|Any CPU
		{4FF1CDDA-B32F-4818-ABF1-1BAE0397576B}.Release|Any CPU.Build.0 = Release|Any CPU
		{80118819-D256-4B06-B84B-83D473F15998}.Debug|Any CPU.ActiveCfg = Debug|Any CPU
		{80118819-D256-4B06-B84B-83D473F15998}.Debug|Any CPU.Build.0 = Debug|Any CPU
		{80118819-D256-4B06-B84B-83D473F15998}.Release|Any CPU.ActiveCfg = Release|Any CPU
		{80118819-D256-4B06-B84B-83D473F15998}.Release|Any CPU.Build.0 = Release|Any CPU
	EndGlobalSection
	GlobalSection(SolutionProperties) = preSolution
		HideSolutionNode = FALSE
	EndGlobalSection
	GlobalSection(ExtensibilityGlobals) = postSolution
		SolutionGuid = {AD8210EB-49FC-4EB6-AAD5-FE71F519AFA2}
	EndGlobalSection
EndGlobal
